// !$*UTF8*$!
{
	archiveVersion = 1;
	classes = {
	};
	objectVersion = 56;
	objects = {

/* Begin PBXBuildFile section */
		112AD05F2BE9034300C9D7DA /* AppDelegate.swift in Sources */ = {isa = PBXBuildFile; fileRef = 112AD05E2BE9034300C9D7DA /* AppDelegate.swift */; };
		112AD0612BE9034300C9D7DA /* SceneDelegate.swift in Sources */ = {isa = PBXBuildFile; fileRef = 112AD0602BE9034300C9D7DA /* SceneDelegate.swift */; };
		112AD0632BE9034300C9D7DA /* ViewController.swift in Sources */ = {isa = PBXBuildFile; fileRef = 112AD0622BE9034300C9D7DA /* ViewController.swift */; };
		112AD0662BE9034300C9D7DA /* Base in Resources */ = {isa = PBXBuildFile; fileRef = 112AD0652BE9034300C9D7DA /* Base */; };
		112AD0682BE9034400C9D7DA /* Assets.xcassets in Resources */ = {isa = PBXBuildFile; fileRef = 112AD0672BE9034400C9D7DA /* Assets.xcassets */; };
		112AD06B2BE9034400C9D7DA /* Base in Resources */ = {isa = PBXBuildFile; fileRef = 112AD06A2BE9034400C9D7DA /* Base */; };
		112AD0762BE9034500C9D7DA /* instagramCloneAppTests.swift in Sources */ = {isa = PBXBuildFile; fileRef = 112AD0752BE9034500C9D7DA /* instagramCloneAppTests.swift */; };
		112AD0802BE9034500C9D7DA /* instagramCloneAppUITests.swift in Sources */ = {isa = PBXBuildFile; fileRef = 112AD07F2BE9034500C9D7DA /* instagramCloneAppUITests.swift */; };
		112AD0822BE9034500C9D7DA /* instagramCloneAppUITestsLaunchTests.swift in Sources */ = {isa = PBXBuildFile; fileRef = 112AD0812BE9034500C9D7DA /* instagramCloneAppUITestsLaunchTests.swift */; };
		112AD0922BE904E100C9D7DA /* FirebaseAnalytics in Frameworks */ = {isa = PBXBuildFile; productRef = 112AD0912BE904E100C9D7DA /* FirebaseAnalytics */; };
		112AD0942BE904E100C9D7DA /* FirebaseAnalyticsOnDeviceConversion in Frameworks */ = {isa = PBXBuildFile; productRef = 112AD0932BE904E100C9D7DA /* FirebaseAnalyticsOnDeviceConversion */; };
		112AD0962BE904E100C9D7DA /* FirebaseAnalyticsSwift in Frameworks */ = {isa = PBXBuildFile; productRef = 112AD0952BE904E100C9D7DA /* FirebaseAnalyticsSwift */; };
		112AD0982BE904E100C9D7DA /* FirebaseAnalyticsWithoutAdIdSupport in Frameworks */ = {isa = PBXBuildFile; productRef = 112AD0972BE904E100C9D7DA /* FirebaseAnalyticsWithoutAdIdSupport */; };
		112AD09A2BE904E100C9D7DA /* FirebaseAppCheck in Frameworks */ = {isa = PBXBuildFile; productRef = 112AD0992BE904E100C9D7DA /* FirebaseAppCheck */; };
		112AD09C2BE904E100C9D7DA /* FirebaseAppDistribution-Beta in Frameworks */ = {isa = PBXBuildFile; productRef = 112AD09B2BE904E100C9D7DA /* FirebaseAppDistribution-Beta */; };
		112AD09E2BE904E100C9D7DA /* FirebaseAuth in Frameworks */ = {isa = PBXBuildFile; productRef = 112AD09D2BE904E100C9D7DA /* FirebaseAuth */; };
		112AD0A02BE904E100C9D7DA /* FirebaseAuthCombine-Community in Frameworks */ = {isa = PBXBuildFile; productRef = 112AD09F2BE904E100C9D7DA /* FirebaseAuthCombine-Community */; };
		112AD0A22BE904E100C9D7DA /* FirebaseCrashlytics in Frameworks */ = {isa = PBXBuildFile; productRef = 112AD0A12BE904E100C9D7DA /* FirebaseCrashlytics */; };
		112AD0A42BE904E100C9D7DA /* FirebaseDatabase in Frameworks */ = {isa = PBXBuildFile; productRef = 112AD0A32BE904E100C9D7DA /* FirebaseDatabase */; };
		112AD0A62BE904E100C9D7DA /* FirebaseDatabaseSwift in Frameworks */ = {isa = PBXBuildFile; productRef = 112AD0A52BE904E100C9D7DA /* FirebaseDatabaseSwift */; };
		112AD0A82BE904E100C9D7DA /* FirebaseDynamicLinks in Frameworks */ = {isa = PBXBuildFile; productRef = 112AD0A72BE904E100C9D7DA /* FirebaseDynamicLinks */; };
		112AD0AA2BE904E100C9D7DA /* FirebaseFirestore in Frameworks */ = {isa = PBXBuildFile; productRef = 112AD0A92BE904E100C9D7DA /* FirebaseFirestore */; };
		112AD0AC2BE904E100C9D7DA /* FirebaseFirestoreCombine-Community in Frameworks */ = {isa = PBXBuildFile; productRef = 112AD0AB2BE904E100C9D7DA /* FirebaseFirestoreCombine-Community */; };
		112AD0AE2BE904E100C9D7DA /* FirebaseFirestoreSwift in Frameworks */ = {isa = PBXBuildFile; productRef = 112AD0AD2BE904E100C9D7DA /* FirebaseFirestoreSwift */; };
		112AD0B02BE904E100C9D7DA /* FirebaseFunctions in Frameworks */ = {isa = PBXBuildFile; productRef = 112AD0AF2BE904E100C9D7DA /* FirebaseFunctions */; };
		112AD0B22BE904E100C9D7DA /* FirebaseFunctionsCombine-Community in Frameworks */ = {isa = PBXBuildFile; productRef = 112AD0B12BE904E100C9D7DA /* FirebaseFunctionsCombine-Community */; };
		112AD0B42BE904E100C9D7DA /* FirebaseInAppMessaging-Beta in Frameworks */ = {isa = PBXBuildFile; productRef = 112AD0B32BE904E100C9D7DA /* FirebaseInAppMessaging-Beta */; };
		112AD0B62BE904E100C9D7DA /* FirebaseInAppMessagingSwift-Beta in Frameworks */ = {isa = PBXBuildFile; productRef = 112AD0B52BE904E100C9D7DA /* FirebaseInAppMessagingSwift-Beta */; };
		112AD0B82BE904E100C9D7DA /* FirebaseInstallations in Frameworks */ = {isa = PBXBuildFile; productRef = 112AD0B72BE904E100C9D7DA /* FirebaseInstallations */; };
		112AD0BA2BE904E100C9D7DA /* FirebaseMLModelDownloader in Frameworks */ = {isa = PBXBuildFile; productRef = 112AD0B92BE904E100C9D7DA /* FirebaseMLModelDownloader */; };
		112AD0BC2BE904E100C9D7DA /* FirebaseMessaging in Frameworks */ = {isa = PBXBuildFile; productRef = 112AD0BB2BE904E100C9D7DA /* FirebaseMessaging */; };
		112AD0BE2BE904E100C9D7DA /* FirebasePerformance in Frameworks */ = {isa = PBXBuildFile; productRef = 112AD0BD2BE904E100C9D7DA /* FirebasePerformance */; };
		112AD0C02BE904E100C9D7DA /* FirebaseRemoteConfig in Frameworks */ = {isa = PBXBuildFile; productRef = 112AD0BF2BE904E100C9D7DA /* FirebaseRemoteConfig */; };
		112AD0C22BE904E100C9D7DA /* FirebaseRemoteConfigSwift in Frameworks */ = {isa = PBXBuildFile; productRef = 112AD0C12BE904E100C9D7DA /* FirebaseRemoteConfigSwift */; };
		112AD0C42BE904E100C9D7DA /* FirebaseStorage in Frameworks */ = {isa = PBXBuildFile; productRef = 112AD0C32BE904E100C9D7DA /* FirebaseStorage */; };
		112AD0C62BE904E100C9D7DA /* FirebaseStorageCombine-Community in Frameworks */ = {isa = PBXBuildFile; productRef = 112AD0C52BE904E100C9D7DA /* FirebaseStorageCombine-Community */; };
		112AD0C82BE9091100C9D7DA /* UploadViewController.swift in Sources */ = {isa = PBXBuildFile; fileRef = 112AD0C72BE9091000C9D7DA /* UploadViewController.swift */; };
		112AD0CA2BE9092700C9D7DA /* SettingsViewController.swift in Sources */ = {isa = PBXBuildFile; fileRef = 112AD0C92BE9092700C9D7DA /* SettingsViewController.swift */; };
		112AD0CC2BE9093E00C9D7DA /* FeedViewController.swift in Sources */ = {isa = PBXBuildFile; fileRef = 112AD0CB2BE9093E00C9D7DA /* FeedViewController.swift */; };
		115D18582BEAEC440053DC14 /* GoogleService-Info.plist in Resources */ = {isa = PBXBuildFile; fileRef = 115D18572BEAEC440053DC14 /* GoogleService-Info.plist */; };
		11FEE2642BEBA09F006B84CB /* FeedCell.swift in Sources */ = {isa = PBXBuildFile; fileRef = 11FEE2632BEBA09F006B84CB /* FeedCell.swift */; };
		11FEE2672BEBF9C9006B84CB /* SDWebImage in Frameworks */ = {isa = PBXBuildFile; productRef = 11FEE2662BEBF9C9006B84CB /* SDWebImage */; };
		11FEE2692BEBF9C9006B84CB /* SDWebImageMapKit in Frameworks */ = {isa = PBXBuildFile; productRef = 11FEE2682BEBF9C9006B84CB /* SDWebImageMapKit */; };
/* End PBXBuildFile section */

/* Begin PBXContainerItemProxy section */
		112AD0722BE9034500C9D7DA /* PBXContainerItemProxy */ = {
			isa = PBXContainerItemProxy;
			containerPortal = 112AD0532BE9034300C9D7DA /* Project object */;
			proxyType = 1;
			remoteGlobalIDString = 112AD05A2BE9034300C9D7DA;
			remoteInfo = instagramCloneApp;
		};
		112AD07C2BE9034500C9D7DA /* PBXContainerItemProxy */ = {
			isa = PBXContainerItemProxy;
			containerPortal = 112AD0532BE9034300C9D7DA /* Project object */;
			proxyType = 1;
			remoteGlobalIDString = 112AD05A2BE9034300C9D7DA;
			remoteInfo = instagramCloneApp;
		};
/* End PBXContainerItemProxy section */

/* Begin PBXFileReference section */
		112AD05B2BE9034300C9D7DA /* instagramCloneApp.app */ = {isa = PBXFileReference; explicitFileType = wrapper.application; includeInIndex = 0; path = instagramCloneApp.app; sourceTree = BUILT_PRODUCTS_DIR; };
		112AD05E2BE9034300C9D7DA /* AppDelegate.swift */ = {isa = PBXFileReference; lastKnownFileType = sourcecode.swift; path = AppDelegate.swift; sourceTree = "<group>"; };
		112AD0602BE9034300C9D7DA /* SceneDelegate.swift */ = {isa = PBXFileReference; lastKnownFileType = sourcecode.swift; path = SceneDelegate.swift; sourceTree = "<group>"; };
		112AD0622BE9034300C9D7DA /* ViewController.swift */ = {isa = PBXFileReference; lastKnownFileType = sourcecode.swift; path = ViewController.swift; sourceTree = "<group>"; };
		112AD0652BE9034300C9D7DA /* Base */ = {isa = PBXFileReference; lastKnownFileType = file.storyboard; name = Base; path = Base.lproj/Main.storyboard; sourceTree = "<group>"; };
		112AD0672BE9034400C9D7DA /* Assets.xcassets */ = {isa = PBXFileReference; lastKnownFileType = folder.assetcatalog; path = Assets.xcassets; sourceTree = "<group>"; };
		112AD06A2BE9034400C9D7DA /* Base */ = {isa = PBXFileReference; lastKnownFileType = file.storyboard; name = Base; path = Base.lproj/LaunchScreen.storyboard; sourceTree = "<group>"; };
		112AD06C2BE9034400C9D7DA /* Info.plist */ = {isa = PBXFileReference; lastKnownFileType = text.plist.xml; path = Info.plist; sourceTree = "<group>"; };
		112AD0712BE9034500C9D7DA /* instagramCloneAppTests.xctest */ = {isa = PBXFileReference; explicitFileType = wrapper.cfbundle; includeInIndex = 0; path = instagramCloneAppTests.xctest; sourceTree = BUILT_PRODUCTS_DIR; };
		112AD0752BE9034500C9D7DA /* instagramCloneAppTests.swift */ = {isa = PBXFileReference; lastKnownFileType = sourcecode.swift; path = instagramCloneAppTests.swift; sourceTree = "<group>"; };
		112AD07B2BE9034500C9D7DA /* instagramCloneAppUITests.xctest */ = {isa = PBXFileReference; explicitFileType = wrapper.cfbundle; includeInIndex = 0; path = instagramCloneAppUITests.xctest; sourceTree = BUILT_PRODUCTS_DIR; };
		112AD07F2BE9034500C9D7DA /* instagramCloneAppUITests.swift */ = {isa = PBXFileReference; lastKnownFileType = sourcecode.swift; path = instagramCloneAppUITests.swift; sourceTree = "<group>"; };
		112AD0812BE9034500C9D7DA /* instagramCloneAppUITestsLaunchTests.swift */ = {isa = PBXFileReference; lastKnownFileType = sourcecode.swift; path = instagramCloneAppUITestsLaunchTests.swift; sourceTree = "<group>"; };
		112AD0C72BE9091000C9D7DA /* UploadViewController.swift */ = {isa = PBXFileReference; lastKnownFileType = sourcecode.swift; path = UploadViewController.swift; sourceTree = "<group>"; };
		112AD0C92BE9092700C9D7DA /* SettingsViewController.swift */ = {isa = PBXFileReference; lastKnownFileType = sourcecode.swift; path = SettingsViewController.swift; sourceTree = "<group>"; };
		112AD0CB2BE9093E00C9D7DA /* FeedViewController.swift */ = {isa = PBXFileReference; lastKnownFileType = sourcecode.swift; path = FeedViewController.swift; sourceTree = "<group>"; };
		115D18572BEAEC440053DC14 /* GoogleService-Info.plist */ = {isa = PBXFileReference; fileEncoding = 4; lastKnownFileType = text.plist.xml; name = "GoogleService-Info.plist"; path = "../../../../Downloads/GoogleService-Info.plist"; sourceTree = "<group>"; };
		11FEE2632BEBA09F006B84CB /* FeedCell.swift */ = {isa = PBXFileReference; lastKnownFileType = sourcecode.swift; path = FeedCell.swift; sourceTree = "<group>"; };
/* End PBXFileReference section */

/* Begin PBXFrameworksBuildPhase section */
		112AD0582BE9034300C9D7DA /* Frameworks */ = {
			isa = PBXFrameworksBuildPhase;
			buildActionMask = 2147483647;
			files = (
				11FEE2692BEBF9C9006B84CB /* SDWebImageMapKit in Frameworks */,
				112AD0A42BE904E100C9D7DA /* FirebaseDatabase in Frameworks */,
				112AD0B22BE904E100C9D7DA /* FirebaseFunctionsCombine-Community in Frameworks */,
				112AD0AA2BE904E100C9D7DA /* FirebaseFirestore in Frameworks */,
				112AD0962BE904E100C9D7DA /* FirebaseAnalyticsSwift in Frameworks */,
				112AD0922BE904E100C9D7DA /* FirebaseAnalytics in Frameworks */,
				112AD0942BE904E100C9D7DA /* FirebaseAnalyticsOnDeviceConversion in Frameworks */,
				112AD0BA2BE904E100C9D7DA /* FirebaseMLModelDownloader in Frameworks */,
				112AD0AE2BE904E100C9D7DA /* FirebaseFirestoreSwift in Frameworks */,
				112AD09A2BE904E100C9D7DA /* FirebaseAppCheck in Frameworks */,
				112AD0982BE904E100C9D7DA /* FirebaseAnalyticsWithoutAdIdSupport in Frameworks */,
				11FEE2672BEBF9C9006B84CB /* SDWebImage in Frameworks */,
				112AD09E2BE904E100C9D7DA /* FirebaseAuth in Frameworks */,
				112AD0A22BE904E100C9D7DA /* FirebaseCrashlytics in Frameworks */,
				112AD0C22BE904E100C9D7DA /* FirebaseRemoteConfigSwift in Frameworks */,
				112AD0B42BE904E100C9D7DA /* FirebaseInAppMessaging-Beta in Frameworks */,
				112AD0A62BE904E100C9D7DA /* FirebaseDatabaseSwift in Frameworks */,
				112AD0B02BE904E100C9D7DA /* FirebaseFunctions in Frameworks */,
				112AD0C62BE904E100C9D7DA /* FirebaseStorageCombine-Community in Frameworks */,
				112AD0C02BE904E100C9D7DA /* FirebaseRemoteConfig in Frameworks */,
				112AD09C2BE904E100C9D7DA /* FirebaseAppDistribution-Beta in Frameworks */,
				112AD0A02BE904E100C9D7DA /* FirebaseAuthCombine-Community in Frameworks */,
				112AD0BE2BE904E100C9D7DA /* FirebasePerformance in Frameworks */,
				112AD0B62BE904E100C9D7DA /* FirebaseInAppMessagingSwift-Beta in Frameworks */,
				112AD0C42BE904E100C9D7DA /* FirebaseStorage in Frameworks */,
				112AD0A82BE904E100C9D7DA /* FirebaseDynamicLinks in Frameworks */,
				112AD0AC2BE904E100C9D7DA /* FirebaseFirestoreCombine-Community in Frameworks */,
				112AD0BC2BE904E100C9D7DA /* FirebaseMessaging in Frameworks */,
				112AD0B82BE904E100C9D7DA /* FirebaseInstallations in Frameworks */,
			);
			runOnlyForDeploymentPostprocessing = 0;
		};
		112AD06E2BE9034500C9D7DA /* Frameworks */ = {
			isa = PBXFrameworksBuildPhase;
			buildActionMask = 2147483647;
			files = (
			);
			runOnlyForDeploymentPostprocessing = 0;
		};
		112AD0782BE9034500C9D7DA /* Frameworks */ = {
			isa = PBXFrameworksBuildPhase;
			buildActionMask = 2147483647;
			files = (
			);
			runOnlyForDeploymentPostprocessing = 0;
		};
/* End PBXFrameworksBuildPhase section */

/* Begin PBXGroup section */
		112AD0522BE9034300C9D7DA = {
			isa = PBXGroup;
			children = (
				112AD05D2BE9034300C9D7DA /* instagramCloneApp */,
				112AD0742BE9034500C9D7DA /* instagramCloneAppTests */,
				112AD07E2BE9034500C9D7DA /* instagramCloneAppUITests */,
				112AD05C2BE9034300C9D7DA /* Products */,
			);
			sourceTree = "<group>";
		};
		112AD05C2BE9034300C9D7DA /* Products */ = {
			isa = PBXGroup;
			children = (
				112AD05B2BE9034300C9D7DA /* instagramCloneApp.app */,
				112AD0712BE9034500C9D7DA /* instagramCloneAppTests.xctest */,
				112AD07B2BE9034500C9D7DA /* instagramCloneAppUITests.xctest */,
			);
			name = Products;
			sourceTree = "<group>";
		};
		112AD05D2BE9034300C9D7DA /* instagramCloneApp */ = {
			isa = PBXGroup;
			children = (
				112AD05E2BE9034300C9D7DA /* AppDelegate.swift */,
				112AD0602BE9034300C9D7DA /* SceneDelegate.swift */,
				112AD0622BE9034300C9D7DA /* ViewController.swift */,
				112AD0C72BE9091000C9D7DA /* UploadViewController.swift */,
				112AD0C92BE9092700C9D7DA /* SettingsViewController.swift */,
				112AD0CB2BE9093E00C9D7DA /* FeedViewController.swift */,
				11FEE2632BEBA09F006B84CB /* FeedCell.swift */,
				112AD0642BE9034300C9D7DA /* Main.storyboard */,
				112AD0672BE9034400C9D7DA /* Assets.xcassets */,
				112AD0692BE9034400C9D7DA /* LaunchScreen.storyboard */,
				112AD06C2BE9034400C9D7DA /* Info.plist */,
				115D18572BEAEC440053DC14 /* GoogleService-Info.plist */,
			);
			path = instagramCloneApp;
			sourceTree = "<group>";
		};
		112AD0742BE9034500C9D7DA /* instagramCloneAppTests */ = {
			isa = PBXGroup;
			children = (
				112AD0752BE9034500C9D7DA /* instagramCloneAppTests.swift */,
			);
			path = instagramCloneAppTests;
			sourceTree = "<group>";
		};
		112AD07E2BE9034500C9D7DA /* instagramCloneAppUITests */ = {
			isa = PBXGroup;
			children = (
				112AD07F2BE9034500C9D7DA /* instagramCloneAppUITests.swift */,
				112AD0812BE9034500C9D7DA /* instagramCloneAppUITestsLaunchTests.swift */,
			);
			path = instagramCloneAppUITests;
			sourceTree = "<group>";
		};
/* End PBXGroup section */

/* Begin PBXNativeTarget section */
		112AD05A2BE9034300C9D7DA /* instagramCloneApp */ = {
			isa = PBXNativeTarget;
			buildConfigurationList = 112AD0852BE9034500C9D7DA /* Build configuration list for PBXNativeTarget "instagramCloneApp" */;
			buildPhases = (
				112AD0572BE9034300C9D7DA /* Sources */,
				112AD0582BE9034300C9D7DA /* Frameworks */,
				112AD0592BE9034300C9D7DA /* Resources */,
			);
			buildRules = (
			);
			dependencies = (
			);
			name = instagramCloneApp;
			packageProductDependencies = (
				112AD0912BE904E100C9D7DA /* FirebaseAnalytics */,
				112AD0932BE904E100C9D7DA /* FirebaseAnalyticsOnDeviceConversion */,
				112AD0952BE904E100C9D7DA /* FirebaseAnalyticsSwift */,
				112AD0972BE904E100C9D7DA /* FirebaseAnalyticsWithoutAdIdSupport */,
				112AD0992BE904E100C9D7DA /* FirebaseAppCheck */,
				112AD09B2BE904E100C9D7DA /* FirebaseAppDistribution-Beta */,
				112AD09D2BE904E100C9D7DA /* FirebaseAuth */,
				112AD09F2BE904E100C9D7DA /* FirebaseAuthCombine-Community */,
				112AD0A12BE904E100C9D7DA /* FirebaseCrashlytics */,
				112AD0A32BE904E100C9D7DA /* FirebaseDatabase */,
				112AD0A52BE904E100C9D7DA /* FirebaseDatabaseSwift */,
				112AD0A72BE904E100C9D7DA /* FirebaseDynamicLinks */,
				112AD0A92BE904E100C9D7DA /* FirebaseFirestore */,
				112AD0AB2BE904E100C9D7DA /* FirebaseFirestoreCombine-Community */,
				112AD0AD2BE904E100C9D7DA /* FirebaseFirestoreSwift */,
				112AD0AF2BE904E100C9D7DA /* FirebaseFunctions */,
				112AD0B12BE904E100C9D7DA /* FirebaseFunctionsCombine-Community */,
				112AD0B32BE904E100C9D7DA /* FirebaseInAppMessaging-Beta */,
				112AD0B52BE904E100C9D7DA /* FirebaseInAppMessagingSwift-Beta */,
				112AD0B72BE904E100C9D7DA /* FirebaseInstallations */,
				112AD0B92BE904E100C9D7DA /* FirebaseMLModelDownloader */,
				112AD0BB2BE904E100C9D7DA /* FirebaseMessaging */,
				112AD0BD2BE904E100C9D7DA /* FirebasePerformance */,
				112AD0BF2BE904E100C9D7DA /* FirebaseRemoteConfig */,
				112AD0C12BE904E100C9D7DA /* FirebaseRemoteConfigSwift */,
				112AD0C32BE904E100C9D7DA /* FirebaseStorage */,
				112AD0C52BE904E100C9D7DA /* FirebaseStorageCombine-Community */,
				11FEE2662BEBF9C9006B84CB /* SDWebImage */,
				11FEE2682BEBF9C9006B84CB /* SDWebImageMapKit */,
			);
			productName = instagramCloneApp;
			productReference = 112AD05B2BE9034300C9D7DA /* instagramCloneApp.app */;
			productType = "com.apple.product-type.application";
		};
		112AD0702BE9034500C9D7DA /* instagramCloneAppTests */ = {
			isa = PBXNativeTarget;
			buildConfigurationList = 112AD0882BE9034500C9D7DA /* Build configuration list for PBXNativeTarget "instagramCloneAppTests" */;
			buildPhases = (
				112AD06D2BE9034500C9D7DA /* Sources */,
				112AD06E2BE9034500C9D7DA /* Frameworks */,
				112AD06F2BE9034500C9D7DA /* Resources */,
			);
			buildRules = (
			);
			dependencies = (
				112AD0732BE9034500C9D7DA /* PBXTargetDependency */,
			);
			name = instagramCloneAppTests;
			productName = instagramCloneAppTests;
			productReference = 112AD0712BE9034500C9D7DA /* instagramCloneAppTests.xctest */;
			productType = "com.apple.product-type.bundle.unit-test";
		};
		112AD07A2BE9034500C9D7DA /* instagramCloneAppUITests */ = {
			isa = PBXNativeTarget;
			buildConfigurationList = 112AD08B2BE9034500C9D7DA /* Build configuration list for PBXNativeTarget "instagramCloneAppUITests" */;
			buildPhases = (
				112AD0772BE9034500C9D7DA /* Sources */,
				112AD0782BE9034500C9D7DA /* Frameworks */,
				112AD0792BE9034500C9D7DA /* Resources */,
			);
			buildRules = (
			);
			dependencies = (
				112AD07D2BE9034500C9D7DA /* PBXTargetDependency */,
			);
			name = instagramCloneAppUITests;
			productName = instagramCloneAppUITests;
			productReference = 112AD07B2BE9034500C9D7DA /* instagramCloneAppUITests.xctest */;
			productType = "com.apple.product-type.bundle.ui-testing";
		};
/* End PBXNativeTarget section */

/* Begin PBXProject section */
		112AD0532BE9034300C9D7DA /* Project object */ = {
			isa = PBXProject;
			attributes = {
				BuildIndependentTargetsInParallel = 1;
				LastSwiftUpdateCheck = 1530;
				LastUpgradeCheck = 1530;
				TargetAttributes = {
					112AD05A2BE9034300C9D7DA = {
						CreatedOnToolsVersion = 15.3;
					};
					112AD0702BE9034500C9D7DA = {
						CreatedOnToolsVersion = 15.3;
						TestTargetID = 112AD05A2BE9034300C9D7DA;
					};
					112AD07A2BE9034500C9D7DA = {
						CreatedOnToolsVersion = 15.3;
						TestTargetID = 112AD05A2BE9034300C9D7DA;
					};
				};
			};
			buildConfigurationList = 112AD0562BE9034300C9D7DA /* Build configuration list for PBXProject "instagramCloneApp" */;
			compatibilityVersion = "Xcode 14.0";
			developmentRegion = en;
			hasScannedForEncodings = 0;
			knownRegions = (
				en,
				Base,
			);
			mainGroup = 112AD0522BE9034300C9D7DA;
			packageReferences = (
				112AD0902BE904E100C9D7DA /* XCRemoteSwiftPackageReference "firebase-ios-sdk" */,
				11FEE2652BEBF9C9006B84CB /* XCRemoteSwiftPackageReference "SDWebImage" */,
			);
			productRefGroup = 112AD05C2BE9034300C9D7DA /* Products */;
			projectDirPath = "";
			projectRoot = "";
			targets = (
				112AD05A2BE9034300C9D7DA /* instagramCloneApp */,
				112AD0702BE9034500C9D7DA /* instagramCloneAppTests */,
				112AD07A2BE9034500C9D7DA /* instagramCloneAppUITests */,
			);
		};
/* End PBXProject section */

/* Begin PBXResourcesBuildPhase section */
		112AD0592BE9034300C9D7DA /* Resources */ = {
			isa = PBXResourcesBuildPhase;
			buildActionMask = 2147483647;
			files = (
				112AD0682BE9034400C9D7DA /* Assets.xcassets in Resources */,
				115D18582BEAEC440053DC14 /* GoogleService-Info.plist in Resources */,
				112AD06B2BE9034400C9D7DA /* Base in Resources */,
				112AD0662BE9034300C9D7DA /* Base in Resources */,
			);
			runOnlyForDeploymentPostprocessing = 0;
		};
		112AD06F2BE9034500C9D7DA /* Resources */ = {
			isa = PBXResourcesBuildPhase;
			buildActionMask = 2147483647;
			files = (
			);
			runOnlyForDeploymentPostprocessing = 0;
		};
		112AD0792BE9034500C9D7DA /* Resources */ = {
			isa = PBXResourcesBuildPhase;
			buildActionMask = 2147483647;
			files = (
			);
			runOnlyForDeploymentPostprocessing = 0;
		};
/* End PBXResourcesBuildPhase section */

/* Begin PBXSourcesBuildPhase section */
		112AD0572BE9034300C9D7DA /* Sources */ = {
			isa = PBXSourcesBuildPhase;
			buildActionMask = 2147483647;
			files = (
				11FEE2642BEBA09F006B84CB /* FeedCell.swift in Sources */,
				112AD0632BE9034300C9D7DA /* ViewController.swift in Sources */,
				112AD0C82BE9091100C9D7DA /* UploadViewController.swift in Sources */,
				112AD05F2BE9034300C9D7DA /* AppDelegate.swift in Sources */,
				112AD0CA2BE9092700C9D7DA /* SettingsViewController.swift in Sources */,
				112AD0CC2BE9093E00C9D7DA /* FeedViewController.swift in Sources */,
				112AD0612BE9034300C9D7DA /* SceneDelegate.swift in Sources */,
			);
			runOnlyForDeploymentPostprocessing = 0;
		};
		112AD06D2BE9034500C9D7DA /* Sources */ = {
			isa = PBXSourcesBuildPhase;
			buildActionMask = 2147483647;
			files = (
				112AD0762BE9034500C9D7DA /* instagramCloneAppTests.swift in Sources */,
			);
			runOnlyForDeploymentPostprocessing = 0;
		};
		112AD0772BE9034500C9D7DA /* Sources */ = {
			isa = PBXSourcesBuildPhase;
			buildActionMask = 2147483647;
			files = (
				112AD0802BE9034500C9D7DA /* instagramCloneAppUITests.swift in Sources */,
				112AD0822BE9034500C9D7DA /* instagramCloneAppUITestsLaunchTests.swift in Sources */,
			);
			runOnlyForDeploymentPostprocessing = 0;
		};
/* End PBXSourcesBuildPhase section */

/* Begin PBXTargetDependency section */
		112AD0732BE9034500C9D7DA /* PBXTargetDependency */ = {
			isa = PBXTargetDependency;
			target = 112AD05A2BE9034300C9D7DA /* instagramCloneApp */;
			targetProxy = 112AD0722BE9034500C9D7DA /* PBXContainerItemProxy */;
		};
		112AD07D2BE9034500C9D7DA /* PBXTargetDependency */ = {
			isa = PBXTargetDependency;
			target = 112AD05A2BE9034300C9D7DA /* instagramCloneApp */;
			targetProxy = 112AD07C2BE9034500C9D7DA /* PBXContainerItemProxy */;
		};
/* End PBXTargetDependency section */

/* Begin PBXVariantGroup section */
		112AD0642BE9034300C9D7DA /* Main.storyboard */ = {
			isa = PBXVariantGroup;
			children = (
				112AD0652BE9034300C9D7DA /* Base */,
			);
			name = Main.storyboard;
			sourceTree = "<group>";
		};
		112AD0692BE9034400C9D7DA /* LaunchScreen.storyboard */ = {
			isa = PBXVariantGroup;
			children = (
				112AD06A2BE9034400C9D7DA /* Base */,
			);
			name = LaunchScreen.storyboard;
			sourceTree = "<group>";
		};
/* End PBXVariantGroup section */

/* Begin XCBuildConfiguration section */
		112AD0832BE9034500C9D7DA /* Debug */ = {
			isa = XCBuildConfiguration;
			buildSettings = {
				ALWAYS_SEARCH_USER_PATHS = NO;
				ASSETCATALOG_COMPILER_GENERATE_SWIFT_ASSET_SYMBOL_EXTENSIONS = YES;
				CLANG_ANALYZER_NONNULL = YES;
				CLANG_ANALYZER_NUMBER_OBJECT_CONVERSION = YES_AGGRESSIVE;
				CLANG_CXX_LANGUAGE_STANDARD = "gnu++20";
				CLANG_ENABLE_MODULES = YES;
				CLANG_ENABLE_OBJC_ARC = YES;
				CLANG_ENABLE_OBJC_WEAK = YES;
				CLANG_WARN_BLOCK_CAPTURE_AUTORELEASING = YES;
				CLANG_WARN_BOOL_CONVERSION = YES;
				CLANG_WARN_COMMA = YES;
				CLANG_WARN_CONSTANT_CONVERSION = YES;
				CLANG_WARN_DEPRECATED_OBJC_IMPLEMENTATIONS = YES;
				CLANG_WARN_DIRECT_OBJC_ISA_USAGE = YES_ERROR;
				CLANG_WARN_DOCUMENTATION_COMMENTS = YES;
				CLANG_WARN_EMPTY_BODY = YES;
				CLANG_WARN_ENUM_CONVERSION = YES;
				CLANG_WARN_INFINITE_RECURSION = YES;
				CLANG_WARN_INT_CONVERSION = YES;
				CLANG_WARN_NON_LITERAL_NULL_CONVERSION = YES;
				CLANG_WARN_OBJC_IMPLICIT_RETAIN_SELF = YES;
				CLANG_WARN_OBJC_LITERAL_CONVERSION = YES;
				CLANG_WARN_OBJC_ROOT_CLASS = YES_ERROR;
				CLANG_WARN_QUOTED_INCLUDE_IN_FRAMEWORK_HEADER = YES;
				CLANG_WARN_RANGE_LOOP_ANALYSIS = YES;
				CLANG_WARN_STRICT_PROTOTYPES = YES;
				CLANG_WARN_SUSPICIOUS_MOVE = YES;
				CLANG_WARN_UNGUARDED_AVAILABILITY = YES_AGGRESSIVE;
				CLANG_WARN_UNREACHABLE_CODE = YES;
				CLANG_WARN__DUPLICATE_METHOD_MATCH = YES;
				COPY_PHASE_STRIP = NO;
				DEBUG_INFORMATION_FORMAT = dwarf;
				ENABLE_STRICT_OBJC_MSGSEND = YES;
				ENABLE_TESTABILITY = YES;
				ENABLE_USER_SCRIPT_SANDBOXING = YES;
				GCC_C_LANGUAGE_STANDARD = gnu17;
				GCC_DYNAMIC_NO_PIC = NO;
				GCC_NO_COMMON_BLOCKS = YES;
				GCC_OPTIMIZATION_LEVEL = 0;
				GCC_PREPROCESSOR_DEFINITIONS = (
					"DEBUG=1",
					"$(inherited)",
				);
				GCC_WARN_64_TO_32_BIT_CONVERSION = YES;
				GCC_WARN_ABOUT_RETURN_TYPE = YES_ERROR;
				GCC_WARN_UNDECLARED_SELECTOR = YES;
				GCC_WARN_UNINITIALIZED_AUTOS = YES_AGGRESSIVE;
				GCC_WARN_UNUSED_FUNCTION = YES;
				GCC_WARN_UNUSED_VARIABLE = YES;
				IPHONEOS_DEPLOYMENT_TARGET = 17.4;
				LOCALIZATION_PREFERS_STRING_CATALOGS = YES;
				MTL_ENABLE_DEBUG_INFO = INCLUDE_SOURCE;
				MTL_FAST_MATH = YES;
				ONLY_ACTIVE_ARCH = YES;
				SDKROOT = iphoneos;
				SWIFT_ACTIVE_COMPILATION_CONDITIONS = "DEBUG $(inherited)";
				SWIFT_OPTIMIZATION_LEVEL = "-Onone";
			};
			name = Debug;
		};
		112AD0842BE9034500C9D7DA /* Release */ = {
			isa = XCBuildConfiguration;
			buildSettings = {
				ALWAYS_SEARCH_USER_PATHS = NO;
				ASSETCATALOG_COMPILER_GENERATE_SWIFT_ASSET_SYMBOL_EXTENSIONS = YES;
				CLANG_ANALYZER_NONNULL = YES;
				CLANG_ANALYZER_NUMBER_OBJECT_CONVERSION = YES_AGGRESSIVE;
				CLANG_CXX_LANGUAGE_STANDARD = "gnu++20";
				CLANG_ENABLE_MODULES = YES;
				CLANG_ENABLE_OBJC_ARC = YES;
				CLANG_ENABLE_OBJC_WEAK = YES;
				CLANG_WARN_BLOCK_CAPTURE_AUTORELEASING = YES;
				CLANG_WARN_BOOL_CONVERSION = YES;
				CLANG_WARN_COMMA = YES;
				CLANG_WARN_CONSTANT_CONVERSION = YES;
				CLANG_WARN_DEPRECATED_OBJC_IMPLEMENTATIONS = YES;
				CLANG_WARN_DIRECT_OBJC_ISA_USAGE = YES_ERROR;
				CLANG_WARN_DOCUMENTATION_COMMENTS = YES;
				CLANG_WARN_EMPTY_BODY = YES;
				CLANG_WARN_ENUM_CONVERSION = YES;
				CLANG_WARN_INFINITE_RECURSION = YES;
				CLANG_WARN_INT_CONVERSION = YES;
				CLANG_WARN_NON_LITERAL_NULL_CONVERSION = YES;
				CLANG_WARN_OBJC_IMPLICIT_RETAIN_SELF = YES;
				CLANG_WARN_OBJC_LITERAL_CONVERSION = YES;
				CLANG_WARN_OBJC_ROOT_CLASS = YES_ERROR;
				CLANG_WARN_QUOTED_INCLUDE_IN_FRAMEWORK_HEADER = YES;
				CLANG_WARN_RANGE_LOOP_ANALYSIS = YES;
				CLANG_WARN_STRICT_PROTOTYPES = YES;
				CLANG_WARN_SUSPICIOUS_MOVE = YES;
				CLANG_WARN_UNGUARDED_AVAILABILITY = YES_AGGRESSIVE;
				CLANG_WARN_UNREACHABLE_CODE = YES;
				CLANG_WARN__DUPLICATE_METHOD_MATCH = YES;
				COPY_PHASE_STRIP = NO;
				DEBUG_INFORMATION_FORMAT = "dwarf-with-dsym";
				ENABLE_NS_ASSERTIONS = NO;
				ENABLE_STRICT_OBJC_MSGSEND = YES;
				ENABLE_USER_SCRIPT_SANDBOXING = YES;
				GCC_C_LANGUAGE_STANDARD = gnu17;
				GCC_NO_COMMON_BLOCKS = YES;
				GCC_WARN_64_TO_32_BIT_CONVERSION = YES;
				GCC_WARN_ABOUT_RETURN_TYPE = YES_ERROR;
				GCC_WARN_UNDECLARED_SELECTOR = YES;
				GCC_WARN_UNINITIALIZED_AUTOS = YES_AGGRESSIVE;
				GCC_WARN_UNUSED_FUNCTION = YES;
				GCC_WARN_UNUSED_VARIABLE = YES;
				IPHONEOS_DEPLOYMENT_TARGET = 17.4;
				LOCALIZATION_PREFERS_STRING_CATALOGS = YES;
				MTL_ENABLE_DEBUG_INFO = NO;
				MTL_FAST_MATH = YES;
				SDKROOT = iphoneos;
				SWIFT_COMPILATION_MODE = wholemodule;
				VALIDATE_PRODUCT = YES;
			};
			name = Release;
		};
		112AD0862BE9034500C9D7DA /* Debug */ = {
			isa = XCBuildConfiguration;
			buildSettings = {
				ASSETCATALOG_COMPILER_APPICON_NAME = AppIcon;
				ASSETCATALOG_COMPILER_GLOBAL_ACCENT_COLOR_NAME = AccentColor;
				CODE_SIGN_STYLE = Automatic;
				CURRENT_PROJECT_VERSION = 1;
				DEVELOPMENT_TEAM = 2VVK6U6V2P;
				GENERATE_INFOPLIST_FILE = YES;
				INFOPLIST_FILE = instagramCloneApp/Info.plist;
				INFOPLIST_KEY_NSPhotoLibraryUsageDescription = YES;
				INFOPLIST_KEY_UIApplicationSupportsIndirectInputEvents = YES;
				INFOPLIST_KEY_UILaunchStoryboardName = LaunchScreen;
				INFOPLIST_KEY_UIMainStoryboardFile = Main;
				INFOPLIST_KEY_UISupportedInterfaceOrientations_iPad = "UIInterfaceOrientationPortrait UIInterfaceOrientationPortraitUpsideDown UIInterfaceOrientationLandscapeLeft UIInterfaceOrientationLandscapeRight";
				INFOPLIST_KEY_UISupportedInterfaceOrientations_iPhone = "UIInterfaceOrientationPortrait UIInterfaceOrientationLandscapeLeft UIInterfaceOrientationLandscapeRight";
				LD_RUNPATH_SEARCH_PATHS = (
					"$(inherited)",
					"@executable_path/Frameworks",
				);
				MARKETING_VERSION = 1.0;
				PRODUCT_BUNDLE_IDENTIFIER = com.dilarabuker.instagramCloneApp1;
				PRODUCT_NAME = "$(TARGET_NAME)";
				SWIFT_EMIT_LOC_STRINGS = YES;
				SWIFT_VERSION = 5.0;
				TARGETED_DEVICE_FAMILY = "1,2";
			};
			name = Debug;
		};
		112AD0872BE9034500C9D7DA /* Release */ = {
			isa = XCBuildConfiguration;
			buildSettings = {
				ASSETCATALOG_COMPILER_APPICON_NAME = AppIcon;
				ASSETCATALOG_COMPILER_GLOBAL_ACCENT_COLOR_NAME = AccentColor;
				CODE_SIGN_STYLE = Automatic;
				CURRENT_PROJECT_VERSION = 1;
				DEVELOPMENT_TEAM = 2VVK6U6V2P;
				GENERATE_INFOPLIST_FILE = YES;
				INFOPLIST_FILE = instagramCloneApp/Info.plist;
				INFOPLIST_KEY_NSPhotoLibraryUsageDescription = YES;
				INFOPLIST_KEY_UIApplicationSupportsIndirectInputEvents = YES;
				INFOPLIST_KEY_UILaunchStoryboardName = LaunchScreen;
				INFOPLIST_KEY_UIMainStoryboardFile = Main;
				INFOPLIST_KEY_UISupportedInterfaceOrientations_iPad = "UIInterfaceOrientationPortrait UIInterfaceOrientationPortraitUpsideDown UIInterfaceOrientationLandscapeLeft UIInterfaceOrientationLandscapeRight";
				INFOPLIST_KEY_UISupportedInterfaceOrientations_iPhone = "UIInterfaceOrientationPortrait UIInterfaceOrientationLandscapeLeft UIInterfaceOrientationLandscapeRight";
				LD_RUNPATH_SEARCH_PATHS = (
					"$(inherited)",
					"@executable_path/Frameworks",
				);
				MARKETING_VERSION = 1.0;
				PRODUCT_BUNDLE_IDENTIFIER = com.dilarabuker.instagramCloneApp1;
				PRODUCT_NAME = "$(TARGET_NAME)";
				SWIFT_EMIT_LOC_STRINGS = YES;
				SWIFT_VERSION = 5.0;
				TARGETED_DEVICE_FAMILY = "1,2";
			};
			name = Release;
		};
		112AD0892BE9034500C9D7DA /* Debug */ = {
			isa = XCBuildConfiguration;
			buildSettings = {
				ALWAYS_EMBED_SWIFT_STANDARD_LIBRARIES = YES;
				BUNDLE_LOADER = "$(TEST_HOST)";
				CODE_SIGN_STYLE = Automatic;
				CURRENT_PROJECT_VERSION = 1;
				DEVELOPMENT_TEAM = 2VVK6U6V2P;
				GENERATE_INFOPLIST_FILE = YES;
				IPHONEOS_DEPLOYMENT_TARGET = 17.4;
				MARKETING_VERSION = 1.0;
				PRODUCT_BUNDLE_IDENTIFIER = com.dilarabuker.instagramCloneAppTests;
				PRODUCT_NAME = "$(TARGET_NAME)";
				SWIFT_EMIT_LOC_STRINGS = NO;
				SWIFT_VERSION = 5.0;
				TARGETED_DEVICE_FAMILY = "1,2";
				TEST_HOST = "$(BUILT_PRODUCTS_DIR)/instagramCloneApp.app/$(BUNDLE_EXECUTABLE_FOLDER_PATH)/instagramCloneApp";
			};
			name = Debug;
		};
		112AD08A2BE9034500C9D7DA /* Release */ = {
			isa = XCBuildConfiguration;
			buildSettings = {
				ALWAYS_EMBED_SWIFT_STANDARD_LIBRARIES = YES;
				BUNDLE_LOADER = "$(TEST_HOST)";
				CODE_SIGN_STYLE = Automatic;
				CURRENT_PROJECT_VERSION = 1;
				DEVELOPMENT_TEAM = 2VVK6U6V2P;
				GENERATE_INFOPLIST_FILE = YES;
				IPHONEOS_DEPLOYMENT_TARGET = 17.4;
				MARKETING_VERSION = 1.0;
				PRODUCT_BUNDLE_IDENTIFIER = com.dilarabuker.instagramCloneAppTests;
				PRODUCT_NAME = "$(TARGET_NAME)";
				SWIFT_EMIT_LOC_STRINGS = NO;
				SWIFT_VERSION = 5.0;
				TARGETED_DEVICE_FAMILY = "1,2";
				TEST_HOST = "$(BUILT_PRODUCTS_DIR)/instagramCloneApp.app/$(BUNDLE_EXECUTABLE_FOLDER_PATH)/instagramCloneApp";
			};
			name = Release;
		};
		112AD08C2BE9034500C9D7DA /* Debug */ = {
			isa = XCBuildConfiguration;
			buildSettings = {
				ALWAYS_EMBED_SWIFT_STANDARD_LIBRARIES = YES;
				CODE_SIGN_STYLE = Automatic;
				CURRENT_PROJECT_VERSION = 1;
				DEVELOPMENT_TEAM = 2VVK6U6V2P;
				GENERATE_INFOPLIST_FILE = YES;
				MARKETING_VERSION = 1.0;
				PRODUCT_BUNDLE_IDENTIFIER = com.dilarabuker.instagramCloneAppUITests;
				PRODUCT_NAME = "$(TARGET_NAME)";
				SWIFT_EMIT_LOC_STRINGS = NO;
				SWIFT_VERSION = 5.0;
				TARGETED_DEVICE_FAMILY = "1,2";
				TEST_TARGET_NAME = instagramCloneApp;
			};
			name = Debug;
		};
		112AD08D2BE9034500C9D7DA /* Release */ = {
			isa = XCBuildConfiguration;
			buildSettings = {
				ALWAYS_EMBED_SWIFT_STANDARD_LIBRARIES = YES;
				CODE_SIGN_STYLE = Automatic;
				CURRENT_PROJECT_VERSION = 1;
				DEVELOPMENT_TEAM = 2VVK6U6V2P;
				GENERATE_INFOPLIST_FILE = YES;
				MARKETING_VERSION = 1.0;
				PRODUCT_BUNDLE_IDENTIFIER = com.dilarabuker.instagramCloneAppUITests;
				PRODUCT_NAME = "$(TARGET_NAME)";
				SWIFT_EMIT_LOC_STRINGS = NO;
				SWIFT_VERSION = 5.0;
				TARGETED_DEVICE_FAMILY = "1,2";
				TEST_TARGET_NAME = instagramCloneApp;
			};
			name = Release;
		};
/* End XCBuildConfiguration section */

/* Begin XCConfigurationList section */
		112AD0562BE9034300C9D7DA /* Build configuration list for PBXProject "instagramCloneApp" */ = {
			isa = XCConfigurationList;
			buildConfigurations = (
				112AD0832BE9034500C9D7DA /* Debug */,
				112AD0842BE9034500C9D7DA /* Release */,
			);
			defaultConfigurationIsVisible = 0;
			defaultConfigurationName = Release;
		};
		112AD0852BE9034500C9D7DA /* Build configuration list for PBXNativeTarget "instagramCloneApp" */ = {
			isa = XCConfigurationList;
			buildConfigurations = (
				112AD0862BE9034500C9D7DA /* Debug */,
				112AD0872BE9034500C9D7DA /* Release */,
			);
			defaultConfigurationIsVisible = 0;
			defaultConfigurationName = Release;
		};
		112AD0882BE9034500C9D7DA /* Build configuration list for PBXNativeTarget "instagramCloneAppTests" */ = {
			isa = XCConfigurationList;
			buildConfigurations = (
				112AD0892BE9034500C9D7DA /* Debug */,
				112AD08A2BE9034500C9D7DA /* Release */,
			);
			defaultConfigurationIsVisible = 0;
			defaultConfigurationName = Release;
		};
		112AD08B2BE9034500C9D7DA /* Build configuration list for PBXNativeTarget "instagramCloneAppUITests" */ = {
			isa = XCConfigurationList;
			buildConfigurations = (
				112AD08C2BE9034500C9D7DA /* Debug */,
				112AD08D2BE9034500C9D7DA /* Release */,
			);
			defaultConfigurationIsVisible = 0;
			defaultConfigurationName = Release;
		};
/* End XCConfigurationList section */

/* Begin XCRemoteSwiftPackageReference section */
		112AD0902BE904E100C9D7DA /* XCRemoteSwiftPackageReference "firebase-ios-sdk" */ = {
			isa = XCRemoteSwiftPackageReference;
			repositoryURL = "https://github.com/firebase/firebase-ios-sdk";
			requirement = {
				kind = upToNextMajorVersion;
				minimumVersion = 10.25.0;
			};
		};
		11FEE2652BEBF9C9006B84CB /* XCRemoteSwiftPackageReference "SDWebImage" */ = {
			isa = XCRemoteSwiftPackageReference;
			repositoryURL = "https://github.com/SDWebImage/SDWebImage";
			requirement = {
				kind = upToNextMajorVersion;
				minimumVersion = 5.19.2;
			};
		};
/* End XCRemoteSwiftPackageReference section */

/* Begin XCSwiftPackageProductDependency section */
		112AD0912BE904E100C9D7DA /* FirebaseAnalytics */ = {
			isa = XCSwiftPackageProductDependency;
			package = 112AD0902BE904E100C9D7DA /* XCRemoteSwiftPackageReference "firebase-ios-sdk" */;
			productName = FirebaseAnalytics;
		};
		112AD0932BE904E100C9D7DA /* FirebaseAnalyticsOnDeviceConversion */ = {
			isa = XCSwiftPackageProductDependency;
			package = 112AD0902BE904E100C9D7DA /* XCRemoteSwiftPackageReference "firebase-ios-sdk" */;
			productName = FirebaseAnalyticsOnDeviceConversion;
		};
		112AD0952BE904E100C9D7DA /* FirebaseAnalyticsSwift */ = {
			isa = XCSwiftPackageProductDependency;
			package = 112AD0902BE904E100C9D7DA /* XCRemoteSwiftPackageReference "firebase-ios-sdk" */;
			productName = FirebaseAnalyticsSwift;
		};
		112AD0972BE904E100C9D7DA /* FirebaseAnalyticsWithoutAdIdSupport */ = {
			isa = XCSwiftPackageProductDependency;
			package = 112AD0902BE904E100C9D7DA /* XCRemoteSwiftPackageReference "firebase-ios-sdk" */;
			productName = FirebaseAnalyticsWithoutAdIdSupport;
		};
		112AD0992BE904E100C9D7DA /* FirebaseAppCheck */ = {
			isa = XCSwiftPackageProductDependency;
			package = 112AD0902BE904E100C9D7DA /* XCRemoteSwiftPackageReference "firebase-ios-sdk" */;
			productName = FirebaseAppCheck;
		};
		112AD09B2BE904E100C9D7DA /* FirebaseAppDistribution-Beta */ = {
			isa = XCSwiftPackageProductDependency;
			package = 112AD0902BE904E100C9D7DA /* XCRemoteSwiftPackageReference "firebase-ios-sdk" */;
			productName = "FirebaseAppDistribution-Beta";
		};
		112AD09D2BE904E100C9D7DA /* FirebaseAuth */ = {
			isa = XCSwiftPackageProductDependency;
			package = 112AD0902BE904E100C9D7DA /* XCRemoteSwiftPackageReference "firebase-ios-sdk" */;
			productName = FirebaseAuth;
		};
		112AD09F2BE904E100C9D7DA /* FirebaseAuthCombine-Community */ = {
			isa = XCSwiftPackageProductDependency;
			package = 112AD0902BE904E100C9D7DA /* XCRemoteSwiftPackageReference "firebase-ios-sdk" */;
			productName = "FirebaseAuthCombine-Community";
		};
		112AD0A12BE904E100C9D7DA /* FirebaseCrashlytics */ = {
			isa = XCSwiftPackageProductDependency;
			package = 112AD0902BE904E100C9D7DA /* XCRemoteSwiftPackageReference "firebase-ios-sdk" */;
			productName = FirebaseCrashlytics;
		};
		112AD0A32BE904E100C9D7DA /* FirebaseDatabase */ = {
			isa = XCSwiftPackageProductDependency;
			package = 112AD0902BE904E100C9D7DA /* XCRemoteSwiftPackageReference "firebase-ios-sdk" */;
			productName = FirebaseDatabase;
		};
		112AD0A52BE904E100C9D7DA /* FirebaseDatabaseSwift */ = {
			isa = XCSwiftPackageProductDependency;
			package = 112AD0902BE904E100C9D7DA /* XCRemoteSwiftPackageReference "firebase-ios-sdk" */;
			productName = FirebaseDatabaseSwift;
		};
		112AD0A72BE904E100C9D7DA /* FirebaseDynamicLinks */ = {
			isa = XCSwiftPackageProductDependency;
			package = 112AD0902BE904E100C9D7DA /* XCRemoteSwiftPackageReference "firebase-ios-sdk" */;
			productName = FirebaseDynamicLinks;
		};
		112AD0A92BE904E100C9D7DA /* FirebaseFirestore */ = {
			isa = XCSwiftPackageProductDependency;
			package = 112AD0902BE904E100C9D7DA /* XCRemoteSwiftPackageReference "firebase-ios-sdk" */;
			productName = FirebaseFirestore;
		};
		112AD0AB2BE904E100C9D7DA /* FirebaseFirestoreCombine-Community */ = {
			isa = XCSwiftPackageProductDependency;
			package = 112AD0902BE904E100C9D7DA /* XCRemoteSwiftPackageReference "firebase-ios-sdk" */;
			productName = "FirebaseFirestoreCombine-Community";
		};
		112AD0AD2BE904E100C9D7DA /* FirebaseFirestoreSwift */ = {
			isa = XCSwiftPackageProductDependency;
			package = 112AD0902BE904E100C9D7DA /* XCRemoteSwiftPackageReference "firebase-ios-sdk" */;
			productName = FirebaseFirestoreSwift;
		};
		112AD0AF2BE904E100C9D7DA /* FirebaseFunctions */ = {
			isa = XCSwiftPackageProductDependency;
			package = 112AD0902BE904E100C9D7DA /* XCRemoteSwiftPackageReference "firebase-ios-sdk" */;
			productName = FirebaseFunctions;
		};
		112AD0B12BE904E100C9D7DA /* FirebaseFunctionsCombine-Community */ = {
			isa = XCSwiftPackageProductDependency;
			package = 112AD0902BE904E100C9D7DA /* XCRemoteSwiftPackageReference "firebase-ios-sdk" */;
			productName = "FirebaseFunctionsCombine-Community";
		};
		112AD0B32BE904E100C9D7DA /* FirebaseInAppMessaging-Beta */ = {
			isa = XCSwiftPackageProductDependency;
			package = 112AD0902BE904E100C9D7DA /* XCRemoteSwiftPackageReference "firebase-ios-sdk" */;
			productName = "FirebaseInAppMessaging-Beta";
		};
		112AD0B52BE904E100C9D7DA /* FirebaseInAppMessagingSwift-Beta */ = {
			isa = XCSwiftPackageProductDependency;
			package = 112AD0902BE904E100C9D7DA /* XCRemoteSwiftPackageReference "firebase-ios-sdk" */;
			productName = "FirebaseInAppMessagingSwift-Beta";
		};
		112AD0B72BE904E100C9D7DA /* FirebaseInstallations */ = {
			isa = XCSwiftPackageProductDependency;
			package = 112AD0902BE904E100C9D7DA /* XCRemoteSwiftPackageReference "firebase-ios-sdk" */;
			productName = FirebaseInstallations;
		};
		112AD0B92BE904E100C9D7DA /* FirebaseMLModelDownloader */ = {
			isa = XCSwiftPackageProductDependency;
			package = 112AD0902BE904E100C9D7DA /* XCRemoteSwiftPackageReference "firebase-ios-sdk" */;
			productName = FirebaseMLModelDownloader;
		};
		112AD0BB2BE904E100C9D7DA /* FirebaseMessaging */ = {
			isa = XCSwiftPackageProductDependency;
			package = 112AD0902BE904E100C9D7DA /* XCRemoteSwiftPackageReference "firebase-ios-sdk" */;
			productName = FirebaseMessaging;
		};
		112AD0BD2BE904E100C9D7DA /* FirebasePerformance */ = {
			isa = XCSwiftPackageProductDependency;
			package = 112AD0902BE904E100C9D7DA /* XCRemoteSwiftPackageReference "firebase-ios-sdk" */;
			productName = FirebasePerformance;
		};
		112AD0BF2BE904E100C9D7DA /* FirebaseRemoteConfig */ = {
			isa = XCSwiftPackageProductDependency;
			package = 112AD0902BE904E100C9D7DA /* XCRemoteSwiftPackageReference "firebase-ios-sdk" */;
			productName = FirebaseRemoteConfig;
		};
		112AD0C12BE904E100C9D7DA /* FirebaseRemoteConfigSwift */ = {
			isa = XCSwiftPackageProductDependency;
			package = 112AD0902BE904E100C9D7DA /* XCRemoteSwiftPackageReference "firebase-ios-sdk" */;
			productName = FirebaseRemoteConfigSwift;
		};
		112AD0C32BE904E100C9D7DA /* FirebaseStorage */ = {
			isa = XCSwiftPackageProductDependency;
			package = 112AD0902BE904E100C9D7DA /* XCRemoteSwiftPackageReference "firebase-ios-sdk" */;
			productName = FirebaseStorage;
		};
		112AD0C52BE904E100C9D7DA /* FirebaseStorageCombine-Community */ = {
			isa = XCSwiftPackageProductDependency;
			package = 112AD0902BE904E100C9D7DA /* XCRemoteSwiftPackageReference "firebase-ios-sdk" */;
			productName = "FirebaseStorageCombine-Community";
		};
		11FEE2662BEBF9C9006B84CB /* SDWebImage */ = {
			isa = XCSwiftPackageProductDependency;
			package = 11FEE2652BEBF9C9006B84CB /* XCRemoteSwiftPackageReference "SDWebImage" */;
			productName = SDWebImage;
		};
		11FEE2682BEBF9C9006B84CB /* SDWebImageMapKit */ = {
			isa = XCSwiftPackageProductDependency;
			package = 11FEE2652BEBF9C9006B84CB /* XCRemoteSwiftPackageReference "SDWebImage" */;
			productName = SDWebImageMapKit;
		};
/* End XCSwiftPackageProductDependency section */
	};
	rootObject = 112AD0532BE9034300C9D7DA /* Project object */;
}
